
Microsoft Visual Studio Solution File, Format Version 12.00
# Visual Studio Version 17
VisualStudioVersion = 17.0.31903.59
MinimumVisualStudioVersion = 10.0.40219.1
Project("{2150E333-8FDC-42A3-9474-1A3956D46DE8}") = "Domain", "Domain", "{75549D18-2D80-4368-A051-344DEBA5070A}"
EndProject
Project("{2150E333-8FDC-42A3-9474-1A3956D46DE8}") = "Infra.Bus", "Infra.Bus", "{882747CF-1A4C-4EFD-AC00-FC4650464C1A}"
EndProject
Project("{2150E333-8FDC-42A3-9474-1A3956D46DE8}") = "Infra.IoC", "Infra.IoC", "{242D6EA5-5B46-4154-A50A-5A791C5A945F}"
EndProject
Project("{2150E333-8FDC-42A3-9474-1A3956D46DE8}") = "Microservices", "Microservices", "{982E4818-FCE0-46F1-A845-FF5BD622E25A}"
EndProject
Project("{FAE04EC0-301F-11D3-BF4B-00C04F79EFBC}") = "MicroRabbit.Domain.Core", "MicroRabbit.Domain.Core\MicroRabbit.Domain.Core.csproj", "{1577E3A4-E589-43C3-A7AD-B117290ABA08}"
EndProject
Project("{FAE04EC0-301F-11D3-BF4B-00C04F79EFBC}") = "MicroRabbit.Infra.Bus", "MicroRabbit.Infra.Bus\MicroRabbit.Infra.Bus.csproj", "{BCA4D9C3-D8EA-43E8-971A-7DDE4189E4CD}"
EndProject
Project("{FAE04EC0-301F-11D3-BF4B-00C04F79EFBC}") = "MicroRabbit.Infra.IoC", "MicroRabbit.Infra.IoC\MicroRabbit.Infra.IoC.csproj", "{046121EA-69E3-40CA-A127-000749910D78}"
EndProject
Project("{2150E333-8FDC-42A3-9474-1A3956D46DE8}") = "Banking", "Banking", "{A0BD55D1-A7F4-4722-9F6A-3D857919D385}"
EndProject
Project("{2150E333-8FDC-42A3-9474-1A3956D46DE8}") = "Api", "Api", "{E1681B2D-361B-4DAF-B508-DC523AC03947}"
EndProject
Project("{2150E333-8FDC-42A3-9474-1A3956D46DE8}") = "Application", "Application", "{C25CDEFE-98CF-4410-AAB3-6DBC28A49F1D}"
EndProject
Project("{2150E333-8FDC-42A3-9474-1A3956D46DE8}") = "Domain", "Domain", "{D863E0A9-07FD-4E62-AD5F-0627ED9758D4}"
EndProject
Project("{2150E333-8FDC-42A3-9474-1A3956D46DE8}") = "Data", "Data", "{E8065768-73C9-4C83-9576-C6525598B434}"
EndProject
Project("{FAE04EC0-301F-11D3-BF4B-00C04F79EFBC}") = "MicroRabbit.Banking.Api", "Microservices\Banking\Api\MicroRabbit.Banking.Api\MicroRabbit.Banking.Api.csproj", "{3FB7635D-1E24-44BE-818F-F5E47EF9D035}"
EndProject
Project("{FAE04EC0-301F-11D3-BF4B-00C04F79EFBC}") = "MicroRabbit.Banking.Application", "Microservices\Banking\Application\MicroRabbit.Banking.Application\MicroRabbit.Banking.Application.csproj", "{DC0BC0CB-E68D-4F8E-9DDF-938B38ED30A2}"
EndProject
Project("{FAE04EC0-301F-11D3-BF4B-00C04F79EFBC}") = "MicroRabbit.Banking.Data", "Microservices\Banking\Data\MicroRabbit.Banking.Data\MicroRabbit.Banking.Data.csproj", "{1A6C26AD-EF62-4D68-B289-44289FAE6D08}"
EndProject
Project("{FAE04EC0-301F-11D3-BF4B-00C04F79EFBC}") = "MicroRabbit.Banking.Domain", "Microservices\Banking\Domain\MicroRabbit.Banking.Domain\MicroRabbit.Banking.Domain.csproj", "{7A689B0D-24F8-4F99-A804-ED4CF6F0D98E}"
EndProject
Project("{2150E333-8FDC-42A3-9474-1A3956D46DE8}") = "Transfer", "Transfer", "{229B6F87-5B14-49E7-9696-EF44EDA37A34}"
EndProject
Project("{2150E333-8FDC-42A3-9474-1A3956D46DE8}") = "Api", "Api", "{D1951DA9-7FA6-4DFD-B6F8-BCAF90490AEC}"
EndProject
Project("{2150E333-8FDC-42A3-9474-1A3956D46DE8}") = "Application", "Application", "{813959F7-377E-470E-BD44-33CB2C06EC80}"
EndProject
Project("{2150E333-8FDC-42A3-9474-1A3956D46DE8}") = "Data", "Data", "{9F378A99-1332-413C-BE06-64586CFCE8A9}"
EndProject
Project("{2150E333-8FDC-42A3-9474-1A3956D46DE8}") = "Domain", "Domain", "{90B6494E-AB2A-456C-9AFD-0AF6BCF6B882}"
EndProject
Project("{FAE04EC0-301F-11D3-BF4B-00C04F79EFBC}") = "MicroRabbit.Transfer.Api", "Microservices\Transfer\Api\MicroRabbit.Transfer.Api\MicroRabbit.Transfer.Api.csproj", "{0DDB8B74-922C-46C0-9DE3-6CDFEFC070E5}"
EndProject
Project("{FAE04EC0-301F-11D3-BF4B-00C04F79EFBC}") = "MicroRabbit.Transfer.Application", "Microservices\Transfer\Application\MicroRabbit.Transfer.Application\MicroRabbit.Transfer.Application.csproj", "{576F8224-37F7-45F6-93CA-5936B798BE69}"
EndProject
Project("{FAE04EC0-301F-11D3-BF4B-00C04F79EFBC}") = "MicroRabbit.Transfer.Data", "Microservices\Transfer\Data\MicroRabbit.Transfer.Data\MicroRabbit.Transfer.Data.csproj", "{42A8B8F7-0C1E-4867-888A-52BC57F37122}"
EndProject
Project("{FAE04EC0-301F-11D3-BF4B-00C04F79EFBC}") = "MicroRabbit.Transfer.Domain", "Microservices\Transfer\Domain\MicroRabbit.Transfer.Domain\MicroRabbit.Transfer.Domain.csproj", "{11157425-6254-4FA8-A7E9-12AEDF59F032}"
EndProject
Global
	GlobalSection(SolutionConfigurationPlatforms) = preSolution
		Debug|Any CPU = Debug|Any CPU
		Release|Any CPU = Release|Any CPU
	EndGlobalSection
	GlobalSection(ProjectConfigurationPlatforms) = postSolution
		{1577E3A4-E589-43C3-A7AD-B117290ABA08}.Debug|Any CPU.ActiveCfg = Debug|Any CPU
		{1577E3A4-E589-43C3-A7AD-B117290ABA08}.Debug|Any CPU.Build.0 = Debug|Any CPU
		{1577E3A4-E589-43C3-A7AD-B117290ABA08}.Release|Any CPU.ActiveCfg = Release|Any CPU
		{1577E3A4-E589-43C3-A7AD-B117290ABA08}.Release|Any CPU.Build.0 = Release|Any CPU
		{BCA4D9C3-D8EA-43E8-971A-7DDE4189E4CD}.Debug|Any CPU.ActiveCfg = Debug|Any CPU
		{BCA4D9C3-D8EA-43E8-971A-7DDE4189E4CD}.Debug|Any CPU.Build.0 = Debug|Any CPU
		{BCA4D9C3-D8EA-43E8-971A-7DDE4189E4CD}.Release|Any CPU.ActiveCfg = Release|Any CPU
		{BCA4D9C3-D8EA-43E8-971A-7DDE4189E4CD}.Release|Any CPU.Build.0 = Release|Any CPU
		{046121EA-69E3-40CA-A127-000749910D78}.Debug|Any CPU.ActiveCfg = Debug|Any CPU
		{046121EA-69E3-40CA-A127-000749910D78}.Debug|Any CPU.Build.0 = Debug|Any CPU
		{046121EA-69E3-40CA-A127-000749910D78}.Release|Any CPU.ActiveCfg = Release|Any CPU
		{046121EA-69E3-40CA-A127-000749910D78}.Release|Any CPU.Build.0 = Release|Any CPU
		{3FB7635D-1E24-44BE-818F-F5E47EF9D035}.Debug|Any CPU.ActiveCfg = Debug|Any CPU
		{3FB7635D-1E24-44BE-818F-F5E47EF9D035}.Debug|Any CPU.Build.0 = Debug|Any CPU
		{3FB7635D-1E24-44BE-818F-F5E47EF9D035}.Release|Any CPU.ActiveCfg = Release|Any CPU
		{3FB7635D-1E24-44BE-818F-F5E47EF9D035}.Release|Any CPU.Build.0 = Release|Any CPU
		{DC0BC0CB-E68D-4F8E-9DDF-938B38ED30A2}.Debug|Any CPU.ActiveCfg = Debug|Any CPU
		{DC0BC0CB-E68D-4F8E-9DDF-938B38ED30A2}.Debug|Any CPU.Build.0 = Debug|Any CPU
		{DC0BC0CB-E68D-4F8E-9DDF-938B38ED30A2}.Release|Any CPU.ActiveCfg = Release|Any CPU
		{DC0BC0CB-E68D-4F8E-9DDF-938B38ED30A2}.Release|Any CPU.Build.0 = Release|Any CPU
		{1A6C26AD-EF62-4D68-B289-44289FAE6D08}.Debug|Any CPU.ActiveCfg = Debug|Any CPU
		{1A6C26AD-EF62-4D68-B289-44289FAE6D08}.Debug|Any CPU.Build.0 = Debug|Any CPU
		{1A6C26AD-EF62-4D68-B289-44289FAE6D08}.Release|Any CPU.ActiveCfg = Release|Any CPU
		{1A6C26AD-EF62-4D68-B289-44289FAE6D08}.Release|Any CPU.Build.0 = Release|Any CPU
		{7A689B0D-24F8-4F99-A804-ED4CF6F0D98E}.Debug|Any CPU.ActiveCfg = Debug|Any CPU
		{7A689B0D-24F8-4F99-A804-ED4CF6F0D98E}.Debug|Any CPU.Build.0 = Debug|Any CPU
		{7A689B0D-24F8-4F99-A804-ED4CF6F0D98E}.Release|Any CPU.ActiveCfg = Release|Any CPU
		{7A689B0D-24F8-4F99-A804-ED4CF6F0D98E}.Release|Any CPU.Build.0 = Release|Any CPU
		{0DDB8B74-922C-46C0-9DE3-6CDFEFC070E5}.Debug|Any CPU.ActiveCfg = Debug|Any CPU
		{0DDB8B74-922C-46C0-9DE3-6CDFEFC070E5}.Debug|Any CPU.Build.0 = Debug|Any CPU
		{0DDB8B74-922C-46C0-9DE3-6CDFEFC070E5}.Release|Any CPU.ActiveCfg = Release|Any CPU
		{0DDB8B74-922C-46C0-9DE3-6CDFEFC070E5}.Release|Any CPU.Build.0 = Release|Any CPU
		{576F8224-37F7-45F6-93CA-5936B798BE69}.Debug|Any CPU.ActiveCfg = Debug|Any CPU
		{576F8224-37F7-45F6-93CA-5936B798BE69}.Debug|Any CPU.Build.0 = Debug|Any CPU
		{576F8224-37F7-45F6-93CA-5936B798BE69}.Release|Any CPU.ActiveCfg = Release|Any CPU
		{576F8224-37F7-45F6-93CA-5936B798BE69}.Release|Any CPU.Build.0 = Release|Any CPU
		{42A8B8F7-0C1E-4867-888A-52BC57F37122}.Debug|Any CPU.ActiveCfg = Debug|Any CPU
		{42A8B8F7-0C1E-4867-888A-52BC57F37122}.Debug|Any CPU.Build.0 = Debug|Any CPU
		{42A8B8F7-0C1E-4867-888A-52BC57F37122}.Release|Any CPU.ActiveCfg = Release|Any CPU
		{42A8B8F7-0C1E-4867-888A-52BC57F37122}.Release|Any CPU.Build.0 = Release|Any CPU
		{11157425-6254-4FA8-A7E9-12AEDF59F032}.Debug|Any CPU.ActiveCfg = Debug|Any CPU
		{11157425-6254-4FA8-A7E9-12AEDF59F032}.Debug|Any CPU.Build.0 = Debug|Any CPU
		{11157425-6254-4FA8-A7E9-12AEDF59F032}.Release|Any CPU.ActiveCfg = Release|Any CPU
		{11157425-6254-4FA8-A7E9-12AEDF59F032}.Release|Any CPU.Build.0 = Release|Any CPU
	EndGlobalSection
	GlobalSection(SolutionProperties) = preSolution
		HideSolutionNode = FALSE
	EndGlobalSection
	GlobalSection(NestedProjects) = preSolution
		{1577E3A4-E589-43C3-A7AD-B117290ABA08} = {75549D18-2D80-4368-A051-344DEBA5070A}
		{BCA4D9C3-D8EA-43E8-971A-7DDE4189E4CD} = {882747CF-1A4C-4EFD-AC00-FC4650464C1A}
		{046121EA-69E3-40CA-A127-000749910D78} = {242D6EA5-5B46-4154-A50A-5A791C5A945F}
		{A0BD55D1-A7F4-4722-9F6A-3D857919D385} = {982E4818-FCE0-46F1-A845-FF5BD622E25A}
		{E1681B2D-361B-4DAF-B508-DC523AC03947} = {A0BD55D1-A7F4-4722-9F6A-3D857919D385}
		{C25CDEFE-98CF-4410-AAB3-6DBC28A49F1D} = {A0BD55D1-A7F4-4722-9F6A-3D857919D385}
		{D863E0A9-07FD-4E62-AD5F-0627ED9758D4} = {A0BD55D1-A7F4-4722-9F6A-3D857919D385}
		{E8065768-73C9-4C83-9576-C6525598B434} = {A0BD55D1-A7F4-4722-9F6A-3D857919D385}
		{3FB7635D-1E24-44BE-818F-F5E47EF9D035} = {E1681B2D-361B-4DAF-B508-DC523AC03947}
		{DC0BC0CB-E68D-4F8E-9DDF-938B38ED30A2} = {C25CDEFE-98CF-4410-AAB3-6DBC28A49F1D}
		{1A6C26AD-EF62-4D68-B289-44289FAE6D08} = {E8065768-73C9-4C83-9576-C6525598B434}
		{7A689B0D-24F8-4F99-A804-ED4CF6F0D98E} = {D863E0A9-07FD-4E62-AD5F-0627ED9758D4}
		{229B6F87-5B14-49E7-9696-EF44EDA37A34} = {982E4818-FCE0-46F1-A845-FF5BD622E25A}
		{D1951DA9-7FA6-4DFD-B6F8-BCAF90490AEC} = {229B6F87-5B14-49E7-9696-EF44EDA37A34}
		{813959F7-377E-470E-BD44-33CB2C06EC80} = {229B6F87-5B14-49E7-9696-EF44EDA37A34}
		{9F378A99-1332-413C-BE06-64586CFCE8A9} = {229B6F87-5B14-49E7-9696-EF44EDA37A34}
		{90B6494E-AB2A-456C-9AFD-0AF6BCF6B882} = {229B6F87-5B14-49E7-9696-EF44EDA37A34}
		{0DDB8B74-922C-46C0-9DE3-6CDFEFC070E5} = {D1951DA9-7FA6-4DFD-B6F8-BCAF90490AEC}
		{576F8224-37F7-45F6-93CA-5936B798BE69} = {813959F7-377E-470E-BD44-33CB2C06EC80}
		{42A8B8F7-0C1E-4867-888A-52BC57F37122} = {9F378A99-1332-413C-BE06-64586CFCE8A9}
		{11157425-6254-4FA8-A7E9-12AEDF59F032} = {90B6494E-AB2A-456C-9AFD-0AF6BCF6B882}
	EndGlobalSection
EndGlobal
